# This file is automatically @generated by Cargo.
# It is not intended for manual editing.
version = 4

[[package]]
name = "arrow-schema"
version = "58.4.0"
source = "registry+https://github.com/rust-lang/crates.io-index"
checksum = "21ca356ad6425cecb6eb7b28e4f659f1ee7880fbb1a16127de7dd62901efee9e"

[[package]]
name = "atif-arrow"
version = "0.1.0"
dependencies = [
 "arrow-schema",
]

[[package]]
name = "atif-arrow-cli"
version = "0.1.0"
dependencies = [
 "atif-arrow",
]
